
Microsoft Visual Studio Solution File, Format Version 12.00
# Visual Studio Version 17
VisualStudioVersion = 17.5.33516.290
MinimumVisualStudioVersion = 10.0.40219.1
Project("{8BC9CEB8-8B4A-11D0-8D11-00A0C91BC942}") = "1541", "1541\1541.vcxproj", "{26F31FE1-E7F0-483A-B365-7B981B674A23}"
EndProject
Global
	GlobalSection(SolutionConfigurationPlatforms) = preSolution
		Debug|x64 = Debug|x64
		Debug|x86 = Debug|x86
		Release|x64 = Release|x64
		Release|x86 = Release|x86
	EndGlobalSection
	GlobalSection(ProjectConfigurationPlatforms) = postSolution
		{26F31FE1-E7F0-483A-B365-7B981B674A23}.Debug|x64.ActiveCfg = Debug|x64
		{26F31FE1-E7F0-483A-B365-7B981B674A23}.Debug|x64.Build.0 = Debug|x64
		{26F31FE1-E7F0-483A-B365-7B981B674A23}.Debug|x86.ActiveCfg = Debug|Win32
		{26F31FE1-E7F0-483A-B365-7B981B674A23}.Debug|x86.Build.0 = Debug|Win32
		{26F31FE1-E7F0-483A-B365-7B981B674A23}.Release|x64.ActiveCfg = Release|x64
		{26F31FE1-E7F0-483A-B365-7B981B674A23}.Release|x64.Build.0 = Release|x64
		{26F31FE1-E7F0-483A-B365-7B981B674A23}.Release|x86.ActiveCfg = Release|Win32
		{26F31FE1-E7F0-483A-B365-7B981B674A23}.Release|x86.Build.0 = Release|Win32
	EndGlobalSection
	GlobalSection(SolutionProperties) = preSolution
		HideSolutionNode = FALSE
	EndGlobalSection
	GlobalSection(ExtensibilityGlobals) = postSolution
		SolutionGuid = {18968328-0B64-4080-9B03-B48927D9A46C}
	EndGlobalSection
EndGlobal
